
Microsoft Visual Studio Solution File, Format Version 12.00
Project("{FAE04EC0-301F-11D3-BF4B-00C04F79EFBC}") = "SanctusRequiem", "SanctusRequiem\SanctusRequiem.csproj", "{EA4B699B-E0B6-4475-8839-ECEDA8774EBE}"
EndProject
Global
	GlobalSection(SolutionConfigurationPlatforms) = preSolution
		Debug|Any CPU = Debug|Any CPU
		Release|Any CPU = Release|Any CPU
	EndGlobalSection
	GlobalSection(ProjectConfigurationPlatforms) = postSolution
		{EA4B699B-E0B6-4475-8839-ECEDA8774EBE}.Debug|Any CPU.ActiveCfg = Debug|Any CPU
		{EA4B699B-E0B6-4475-8839-ECEDA8774EBE}.Debug|Any CPU.Build.0 = Debug|Any CPU
		{EA4B699B-E0B6-4475-8839-ECEDA8774EBE}.Release|Any CPU.ActiveCfg = Release|Any CPU
		{EA4B699B-E0B6-4475-8839-ECEDA8774EBE}.Release|Any CPU.Build.0 = Release|Any CPU
	EndGlobalSection
EndGlobal
